// !$*UTF8*$!
{
	archiveVersion = 1;
	classes = {
	};
	objectVersion = 46;
	objects = {

/* Begin PBXBuildFile section */
		380C13191F351AED00641620 /* Fabric.framework in Frameworks */ = {isa = PBXBuildFile; fileRef = 380C13171F351AED00641620 /* Fabric.framework */; };
		380C131A1F351AED00641620 /* Crashlytics.framework in Frameworks */ = {isa = PBXBuildFile; fileRef = 380C13181F351AED00641620 /* Crashlytics.framework */; settings = {ATTRIBUTES = (Required, ); }; };
		381BF7461F29035C000CFCF0 /* toolsInfo.swift in Sources */ = {isa = PBXBuildFile; fileRef = 381BF7451F29035C000CFCF0 /* toolsInfo.swift */; };
		381F0A411F19910C000B2368 /* buildingScene.sks in Resources */ = {isa = PBXBuildFile; fileRef = 381F0A401F19910C000B2368 /* buildingScene.sks */; };
		38247FF41F1E71D90089F9FC /* Man.swift in Sources */ = {isa = PBXBuildFile; fileRef = 38247FF31F1E71D90089F9FC /* Man.swift */; };
		384390D11F27CA150038DC8D /* toolsMenu.sks in Resources */ = {isa = PBXBuildFile; fileRef = 384390D01F27CA150038DC8D /* toolsMenu.sks */; };
		384390D31F27F2740038DC8D /* toolsInfo.sks in Resources */ = {isa = PBXBuildFile; fileRef = 384390D21F27F2740038DC8D /* toolsInfo.sks */; };
		384390D51F27F4740038DC8D /* toolsMenu.swift in Sources */ = {isa = PBXBuildFile; fileRef = 384390D41F27F4740038DC8D /* toolsMenu.swift */; };
		384390D71F2805FF0038DC8D /* buildingScene3.sks in Resources */ = {isa = PBXBuildFile; fileRef = 384390D61F2805FF0038DC8D /* buildingScene3.sks */; };
		38449D7E1F141B3C002EFB00 /* MainMenu.sks in Resources */ = {isa = PBXBuildFile; fileRef = 38449D7D1F141B3C002EFB00 /* MainMenu.sks */; };
		38449D801F141B53002EFB00 /* MainMenu.swift in Sources */ = {isa = PBXBuildFile; fileRef = 38449D7F1F141B53002EFB00 /* MainMenu.swift */; };
		38449D821F141C28002EFB00 /* MSButtonNode.swift in Sources */ = {isa = PBXBuildFile; fileRef = 38449D811F141C28002EFB00 /* MSButtonNode.swift */; };
		384F67761F37B614005A82B2 /* flee.mp3 in Resources */ = {isa = PBXBuildFile; fileRef = 384F67751F37B614005A82B2 /* flee.mp3 */; };
		384F67781F37C727005A82B2 /* titleScreen.mp3 in Resources */ = {isa = PBXBuildFile; fileRef = 384F67771F37C727005A82B2 /* titleScreen.mp3 */; };
		385A06051F1BE8A400C674FB /* buildingScene.swift in Sources */ = {isa = PBXBuildFile; fileRef = 385A06041F1BE8A400C674FB /* buildingScene.swift */; };
		387073BA1F324AA4001A624A /* newBuildingScene.swift in Sources */ = {isa = PBXBuildFile; fileRef = 387073B91F324AA4001A624A /* newBuildingScene.swift */; };
		387BDCFE1F2BB6C700212189 /* GameScene.sks in Resources */ = {isa = PBXBuildFile; fileRef = 387BDCFD1F2BB6C700212189 /* GameScene.sks */; };
		387BDD001F2BB6CB00212189 /* GameScene.swift in Sources */ = {isa = PBXBuildFile; fileRef = 387BDCFF1F2BB6CB00212189 /* GameScene.swift */; };
		3887EC521F33938000E8A4EA /* newBuildingScene.sks in Resources */ = {isa = PBXBuildFile; fileRef = 3887EC511F33937F00E8A4EA /* newBuildingScene.sks */; };
		3891FCE11F19254600B84DF4 /* Window.swift in Sources */ = {isa = PBXBuildFile; fileRef = 3891FCE01F19254600B84DF4 /* Window.swift */; };
		3893AACF1F33E6B100E3649B /* newBuildingScene2.sks in Resources */ = {isa = PBXBuildFile; fileRef = 3893AACE1F33E6B100E3649B /* newBuildingScene2.sks */; };
		3893B6B31F13DB4100C7DBF2 /* AppDelegate.swift in Sources */ = {isa = PBXBuildFile; fileRef = 3893B6B21F13DB4100C7DBF2 /* AppDelegate.swift */; };
		3893B6BB1F13DB4100C7DBF2 /* GameViewController.swift in Sources */ = {isa = PBXBuildFile; fileRef = 3893B6BA1F13DB4100C7DBF2 /* GameViewController.swift */; };
		3893B6BE1F13DB4100C7DBF2 /* Main.storyboard in Resources */ = {isa = PBXBuildFile; fileRef = 3893B6BC1F13DB4100C7DBF2 /* Main.storyboard */; };
		3893B6C01F13DB4100C7DBF2 /* Assets.xcassets in Resources */ = {isa = PBXBuildFile; fileRef = 3893B6BF1F13DB4100C7DBF2 /* Assets.xcassets */; };
		3893B6C31F13DB4100C7DBF2 /* LaunchScreen.storyboard in Resources */ = {isa = PBXBuildFile; fileRef = 3893B6C11F13DB4100C7DBF2 /* LaunchScreen.storyboard */; };
		3893B6CE1F13DB4200C7DBF2 /* DamTests.swift in Sources */ = {isa = PBXBuildFile; fileRef = 3893B6CD1F13DB4200C7DBF2 /* DamTests.swift */; };
		3893B6D91F13DB4200C7DBF2 /* DamUITests.swift in Sources */ = {isa = PBXBuildFile; fileRef = 3893B6D81F13DB4200C7DBF2 /* DamUITests.swift */; };
		3893B6E71F13E0D200C7DBF2 /* Crack.swift in Sources */ = {isa = PBXBuildFile; fileRef = 3893B6E61F13E0D200C7DBF2 /* Crack.swift */; };
		38CF3E801F1FDF0A00D4F1A8 /* Portal.swift in Sources */ = {isa = PBXBuildFile; fileRef = 38CF3E7F1F1FDF0A00D4F1A8 /* Portal.swift */; };
		38CF3E821F20066800D4F1A8 /* buildingsMenu.sks in Resources */ = {isa = PBXBuildFile; fileRef = 38CF3E811F20066800D4F1A8 /* buildingsMenu.sks */; };
		38CF3E841F20078300D4F1A8 /* buildingsMenu.swift in Sources */ = {isa = PBXBuildFile; fileRef = 38CF3E831F20078300D4F1A8 /* buildingsMenu.swift */; };
		38CF3E861F200B3900D4F1A8 /* buildingScene2.sks in Resources */ = {isa = PBXBuildFile; fileRef = 38CF3E851F200B3900D4F1A8 /* buildingScene2.sks */; };
		38FCCD0B1F369BE70060E297 /* SummerSunday.wav in Resources */ = {isa = PBXBuildFile; fileRef = 38FCCD0A1F369BE70060E297 /* SummerSunday.wav */; };
/* End PBXBuildFile section */

/* Begin PBXContainerItemProxy section */
		3893B6CA1F13DB4200C7DBF2 /* PBXContainerItemProxy */ = {
			isa = PBXContainerItemProxy;
			containerPortal = 3893B6A71F13DB4100C7DBF2 /* Project object */;
			proxyType = 1;
			remoteGlobalIDString = 3893B6AE1F13DB4100C7DBF2;
			remoteInfo = Dam;
		};
		3893B6D51F13DB4200C7DBF2 /* PBXContainerItemProxy */ = {
			isa = PBXContainerItemProxy;
			containerPortal = 3893B6A71F13DB4100C7DBF2 /* Project object */;
			proxyType = 1;
			remoteGlobalIDString = 3893B6AE1F13DB4100C7DBF2;
			remoteInfo = Dam;
		};
/* End PBXContainerItemProxy section */

/* Begin PBXFileReference section */
		380C13171F351AED00641620 /* Fabric.framework */ = {isa = PBXFileReference; lastKnownFileType = wrapper.framework; path = Fabric.framework; sourceTree = "<group>"; };
		380C13181F351AED00641620 /* Crashlytics.framework */ = {isa = PBXFileReference; lastKnownFileType = wrapper.framework; path = Crashlytics.framework; sourceTree = "<group>"; };
		381BF7451F29035C000CFCF0 /* toolsInfo.swift */ = {isa = PBXFileReference; fileEncoding = 4; lastKnownFileType = sourcecode.swift; path = toolsInfo.swift; sourceTree = "<group>"; };
		381F0A401F19910C000B2368 /* buildingScene.sks */ = {isa = PBXFileReference; lastKnownFileType = file.sks; path = buildingScene.sks; sourceTree = "<group>"; };
		38247FF31F1E71D90089F9FC /* Man.swift */ = {isa = PBXFileReference; fileEncoding = 4; lastKnownFileType = sourcecode.swift; path = Man.swift; sourceTree = "<group>"; };
		384390D01F27CA150038DC8D /* toolsMenu.sks */ = {isa = PBXFileReference; lastKnownFileType = file.sks; path = toolsMenu.sks; sourceTree = "<group>"; };
		384390D21F27F2740038DC8D /* toolsInfo.sks */ = {isa = PBXFileReference; lastKnownFileType = file.sks; path = toolsInfo.sks; sourceTree = "<group>"; };
		384390D41F27F4740038DC8D /* toolsMenu.swift */ = {isa = PBXFileReference; fileEncoding = 4; lastKnownFileType = sourcecode.swift; path = toolsMenu.swift; sourceTree = "<group>"; };
		384390D61F2805FF0038DC8D /* buildingScene3.sks */ = {isa = PBXFileReference; lastKnownFileType = file.sks; path = buildingScene3.sks; sourceTree = "<group>"; };
		38449D7D1F141B3C002EFB00 /* MainMenu.sks */ = {isa = PBXFileReference; lastKnownFileType = file.sks; path = MainMenu.sks; sourceTree = "<group>"; };
		38449D7F1F141B53002EFB00 /* MainMenu.swift */ = {isa = PBXFileReference; fileEncoding = 4; lastKnownFileType = sourcecode.swift; path = MainMenu.swift; sourceTree = "<group>"; };
		38449D811F141C28002EFB00 /* MSButtonNode.swift */ = {isa = PBXFileReference; fileEncoding = 4; lastKnownFileType = sourcecode.swift; path = MSButtonNode.swift; sourceTree = "<group>"; };
		384F67751F37B614005A82B2 /* flee.mp3 */ = {isa = PBXFileReference; lastKnownFileType = audio.mp3; path = flee.mp3; sourceTree = "<group>"; };
		384F67771F37C727005A82B2 /* titleScreen.mp3 */ = {isa = PBXFileReference; lastKnownFileType = audio.mp3; path = titleScreen.mp3; sourceTree = "<group>"; };
		385A06041F1BE8A400C674FB /* buildingScene.swift */ = {isa = PBXFileReference; fileEncoding = 4; lastKnownFileType = sourcecode.swift; path = buildingScene.swift; sourceTree = "<group>"; };
		387073B91F324AA4001A624A /* newBuildingScene.swift */ = {isa = PBXFileReference; fileEncoding = 4; lastKnownFileType = sourcecode.swift; path = newBuildingScene.swift; sourceTree = "<group>"; };
		387BDCFD1F2BB6C700212189 /* GameScene.sks */ = {isa = PBXFileReference; lastKnownFileType = file.sks; path = GameScene.sks; sourceTree = "<group>"; };
		387BDCFF1F2BB6CB00212189 /* GameScene.swift */ = {isa = PBXFileReference; fileEncoding = 4; lastKnownFileType = sourcecode.swift; path = GameScene.swift; sourceTree = "<group>"; };
		3887EC511F33937F00E8A4EA /* newBuildingScene.sks */ = {isa = PBXFileReference; lastKnownFileType = file.sks; path = newBuildingScene.sks; sourceTree = "<group>"; };
		3891FCE01F19254600B84DF4 /* Window.swift */ = {isa = PBXFileReference; fileEncoding = 4; lastKnownFileType = sourcecode.swift; path = Window.swift; sourceTree = "<group>"; };
		3893AACE1F33E6B100E3649B /* newBuildingScene2.sks */ = {isa = PBXFileReference; lastKnownFileType = file.sks; path = newBuildingScene2.sks; sourceTree = "<group>"; };
		3893B6AF1F13DB4100C7DBF2 /* Dam.app */ = {isa = PBXFileReference; explicitFileType = wrapper.application; includeInIndex = 0; path = Dam.app; sourceTree = BUILT_PRODUCTS_DIR; };
		3893B6B21F13DB4100C7DBF2 /* AppDelegate.swift */ = {isa = PBXFileReference; lastKnownFileType = sourcecode.swift; path = AppDelegate.swift; sourceTree = "<group>"; };
		3893B6BA1F13DB4100C7DBF2 /* GameViewController.swift */ = {isa = PBXFileReference; lastKnownFileType = sourcecode.swift; path = GameViewController.swift; sourceTree = "<group>"; };
		3893B6BD1F13DB4100C7DBF2 /* Base */ = {isa = PBXFileReference; lastKnownFileType = file.storyboard; name = Base; path = Base.lproj/Main.storyboard; sourceTree = "<group>"; };
		3893B6BF1F13DB4100C7DBF2 /* Assets.xcassets */ = {isa = PBXFileReference; lastKnownFileType = folder.assetcatalog; path = Assets.xcassets; sourceTree = "<group>"; };
		3893B6C21F13DB4100C7DBF2 /* Base */ = {isa = PBXFileReference; lastKnownFileType = file.storyboard; name = Base; path = Base.lproj/LaunchScreen.storyboard; sourceTree = "<group>"; };
		3893B6C41F13DB4100C7DBF2 /* Info.plist */ = {isa = PBXFileReference; lastKnownFileType = text.plist.xml; path = Info.plist; sourceTree = "<group>"; };
		3893B6C91F13DB4200C7DBF2 /* DamTests.xctest */ = {isa = PBXFileReference; explicitFileType = wrapper.cfbundle; includeInIndex = 0; path = DamTests.xctest; sourceTree = BUILT_PRODUCTS_DIR; };
		3893B6CD1F13DB4200C7DBF2 /* DamTests.swift */ = {isa = PBXFileReference; lastKnownFileType = sourcecode.swift; path = DamTests.swift; sourceTree = "<group>"; };
		3893B6CF1F13DB4200C7DBF2 /* Info.plist */ = {isa = PBXFileReference; lastKnownFileType = text.plist.xml; path = Info.plist; sourceTree = "<group>"; };
		3893B6D41F13DB4200C7DBF2 /* DamUITests.xctest */ = {isa = PBXFileReference; explicitFileType = wrapper.cfbundle; includeInIndex = 0; path = DamUITests.xctest; sourceTree = BUILT_PRODUCTS_DIR; };
		3893B6D81F13DB4200C7DBF2 /* DamUITests.swift */ = {isa = PBXFileReference; lastKnownFileType = sourcecode.swift; path = DamUITests.swift; sourceTree = "<group>"; };
		3893B6DA1F13DB4200C7DBF2 /* Info.plist */ = {isa = PBXFileReference; lastKnownFileType = text.plist.xml; path = Info.plist; sourceTree = "<group>"; };
		3893B6E61F13E0D200C7DBF2 /* Crack.swift */ = {isa = PBXFileReference; fileEncoding = 4; lastKnownFileType = sourcecode.swift; path = Crack.swift; sourceTree = "<group>"; };
		38CF3E7F1F1FDF0A00D4F1A8 /* Portal.swift */ = {isa = PBXFileReference; fileEncoding = 4; lastKnownFileType = sourcecode.swift; path = Portal.swift; sourceTree = "<group>"; };
		38CF3E811F20066800D4F1A8 /* buildingsMenu.sks */ = {isa = PBXFileReference; lastKnownFileType = file.sks; path = buildingsMenu.sks; sourceTree = "<group>"; };
		38CF3E831F20078300D4F1A8 /* buildingsMenu.swift */ = {isa = PBXFileReference; fileEncoding = 4; lastKnownFileType = sourcecode.swift; path = buildingsMenu.swift; sourceTree = "<group>"; };
		38CF3E851F200B3900D4F1A8 /* buildingScene2.sks */ = {isa = PBXFileReference; lastKnownFileType = file.sks; path = buildingScene2.sks; sourceTree = "<group>"; };
		38FCCD0A1F369BE70060E297 /* SummerSunday.wav */ = {isa = PBXFileReference; lastKnownFileType = audio.wav; path = SummerSunday.wav; sourceTree = "<group>"; };
/* End PBXFileReference section */

/* Begin PBXFrameworksBuildPhase section */
		3893B6AC1F13DB4100C7DBF2 /* Frameworks */ = {
			isa = PBXFrameworksBuildPhase;
			buildActionMask = 2147483647;
			files = (
				380C131A1F351AED00641620 /* Crashlytics.framework in Frameworks */,
				380C13191F351AED00641620 /* Fabric.framework in Frameworks */,
			);
			runOnlyForDeploymentPostprocessing = 0;
		};
		3893B6C61F13DB4200C7DBF2 /* Frameworks */ = {
			isa = PBXFrameworksBuildPhase;
			buildActionMask = 2147483647;
			files = (
			);
			runOnlyForDeploymentPostprocessing = 0;
		};
		3893B6D11F13DB4200C7DBF2 /* Frameworks */ = {
			isa = PBXFrameworksBuildPhase;
			buildActionMask = 2147483647;
			files = (
			);
			runOnlyForDeploymentPostprocessing = 0;
		};
/* End PBXFrameworksBuildPhase section */

/* Begin PBXGroup section */
		384C49B41F14326100FBAAA8 /* SKNodes */ = {
			isa = PBXGroup;
			children = (
				3893B6E61F13E0D200C7DBF2 /* Crack.swift */,
				3891FCE01F19254600B84DF4 /* Window.swift */,
				38247FF31F1E71D90089F9FC /* Man.swift */,
				38CF3E7F1F1FDF0A00D4F1A8 /* Portal.swift */,
			);
			name = SKNodes;
			sourceTree = "<group>";
		};
		385A06071F1BE9BC00C674FB /* New Group */ = {
			isa = PBXGroup;
			children = (
				3887EC511F33937F00E8A4EA /* newBuildingScene.sks */,
				3893AACE1F33E6B100E3649B /* newBuildingScene2.sks */,
				387073B91F324AA4001A624A /* newBuildingScene.swift */,
				38CF3E811F20066800D4F1A8 /* buildingsMenu.sks */,
				38CF3E831F20078300D4F1A8 /* buildingsMenu.swift */,
				384390D01F27CA150038DC8D /* toolsMenu.sks */,
				384390D41F27F4740038DC8D /* toolsMenu.swift */,
				384390D21F27F2740038DC8D /* toolsInfo.sks */,
				381BF7451F29035C000CFCF0 /* toolsInfo.swift */,
			);
			name = "New Group";
			sourceTree = "<group>";
		};
		3893B6A61F13DB4100C7DBF2 = {
			isa = PBXGroup;
			children = (
				3893B6B11F13DB4100C7DBF2 /* Dam */,
				3893B6CC1F13DB4200C7DBF2 /* DamTests */,
				3893B6D71F13DB4200C7DBF2 /* DamUITests */,
				3893B6B01F13DB4100C7DBF2 /* Products */,
			);
			sourceTree = "<group>";
		};
		3893B6B01F13DB4100C7DBF2 /* Products */ = {
			isa = PBXGroup;
			children = (
				3893B6AF1F13DB4100C7DBF2 /* Dam.app */,
				3893B6C91F13DB4200C7DBF2 /* DamTests.xctest */,
				3893B6D41F13DB4200C7DBF2 /* DamUITests.xctest */,
			);
			name = Products;
			sourceTree = "<group>";
		};
		3893B6B11F13DB4100C7DBF2 /* Dam */ = {
			isa = PBXGroup;
			children = (
				3893B6B21F13DB4100C7DBF2 /* AppDelegate.swift */,
				38FCCD091F36842C0060E297 /* Useless */,
				385A06071F1BE9BC00C674FB /* New Group */,
				38449D7D1F141B3C002EFB00 /* MainMenu.sks */,
				38449D7F1F141B53002EFB00 /* MainMenu.swift */,
				38449D811F141C28002EFB00 /* MSButtonNode.swift */,
				3893B6BA1F13DB4100C7DBF2 /* GameViewController.swift */,
				384C49B41F14326100FBAAA8 /* SKNodes */,
				380C13171F351AED00641620 /* Fabric.framework */,
				380C13181F351AED00641620 /* Crashlytics.framework */,
				3893B6BC1F13DB4100C7DBF2 /* Main.storyboard */,
				3893B6BF1F13DB4100C7DBF2 /* Assets.xcassets */,
				3893B6C11F13DB4100C7DBF2 /* LaunchScreen.storyboard */,
				3893B6C41F13DB4100C7DBF2 /* Info.plist */,
				384F67771F37C727005A82B2 /* titleScreen.mp3 */,
				38FCCD0A1F369BE70060E297 /* SummerSunday.wav */,
				384F67751F37B614005A82B2 /* flee.mp3 */,
			);
			path = Dam;
			sourceTree = "<group>";
		};
		3893B6CC1F13DB4200C7DBF2 /* DamTests */ = {
			isa = PBXGroup;
			children = (
				3893B6CD1F13DB4200C7DBF2 /* DamTests.swift */,
				3893B6CF1F13DB4200C7DBF2 /* Info.plist */,
			);
			path = DamTests;
			sourceTree = "<group>";
		};
		3893B6D71F13DB4200C7DBF2 /* DamUITests */ = {
			isa = PBXGroup;
			children = (
				3893B6D81F13DB4200C7DBF2 /* DamUITests.swift */,
				3893B6DA1F13DB4200C7DBF2 /* Info.plist */,
			);
			path = DamUITests;
			sourceTree = "<group>";
		};
		38FCCD091F36842C0060E297 /* Useless */ = {
			isa = PBXGroup;
			children = (
				387BDCFD1F2BB6C700212189 /* GameScene.sks */,
				387BDCFF1F2BB6CB00212189 /* GameScene.swift */,
				381F0A401F19910C000B2368 /* buildingScene.sks */,
				38CF3E851F200B3900D4F1A8 /* buildingScene2.sks */,
				384390D61F2805FF0038DC8D /* buildingScene3.sks */,
				385A06041F1BE8A400C674FB /* buildingScene.swift */,
			);
			name = Useless;
			sourceTree = "<group>";
		};
/* End PBXGroup section */

/* Begin PBXNativeTarget section */
		3893B6AE1F13DB4100C7DBF2 /* Dam */ = {
			isa = PBXNativeTarget;
			buildConfigurationList = 3893B6DD1F13DB4200C7DBF2 /* Build configuration list for PBXNativeTarget "Dam" */;
			buildPhases = (
				3893B6AB1F13DB4100C7DBF2 /* Sources */,
				3893B6AC1F13DB4100C7DBF2 /* Frameworks */,
				3893B6AD1F13DB4100C7DBF2 /* Resources */,
				380C13161F351A7000641620 /* ShellScript */,
			);
			buildRules = (
			);
			dependencies = (
			);
			name = Dam;
			productName = Dam;
			productReference = 3893B6AF1F13DB4100C7DBF2 /* Dam.app */;
			productType = "com.apple.product-type.application";
		};
		3893B6C81F13DB4200C7DBF2 /* DamTests */ = {
			isa = PBXNativeTarget;
			buildConfigurationList = 3893B6E01F13DB4200C7DBF2 /* Build configuration list for PBXNativeTarget "DamTests" */;
			buildPhases = (
				3893B6C51F13DB4200C7DBF2 /* Sources */,
				3893B6C61F13DB4200C7DBF2 /* Frameworks */,
				3893B6C71F13DB4200C7DBF2 /* Resources */,
			);
			buildRules = (
			);
			dependencies = (
				3893B6CB1F13DB4200C7DBF2 /* PBXTargetDependency */,
			);
			name = DamTests;
			productName = DamTests;
			productReference = 3893B6C91F13DB4200C7DBF2 /* DamTests.xctest */;
			productType = "com.apple.product-type.bundle.unit-test";
		};
		3893B6D31F13DB4200C7DBF2 /* DamUITests */ = {
			isa = PBXNativeTarget;
			buildConfigurationList = 3893B6E31F13DB4200C7DBF2 /* Build configuration list for PBXNativeTarget "DamUITests" */;
			buildPhases = (
				3893B6D01F13DB4200C7DBF2 /* Sources */,
				3893B6D11F13DB4200C7DBF2 /* Frameworks */,
				3893B6D21F13DB4200C7DBF2 /* Resources */,
			);
			buildRules = (
			);
			dependencies = (
				3893B6D61F13DB4200C7DBF2 /* PBXTargetDependency */,
			);
			name = DamUITests;
			productName = DamUITests;
			productReference = 3893B6D41F13DB4200C7DBF2 /* DamUITests.xctest */;
			productType = "com.apple.product-type.bundle.ui-testing";
		};
/* End PBXNativeTarget section */

/* Begin PBXProject section */
		3893B6A71F13DB4100C7DBF2 /* Project object */ = {
			isa = PBXProject;
			attributes = {
				LastSwiftUpdateCheck = 0830;
				LastUpgradeCheck = 0830;
				ORGANIZATIONNAME = "Akash Nambiar";
				TargetAttributes = {
					3893B6AE1F13DB4100C7DBF2 = {
						CreatedOnToolsVersion = 8.3.3;
						DevelopmentTeam = GCVD58YW3D;
						ProvisioningStyle = Automatic;
					};
					3893B6C81F13DB4200C7DBF2 = {
						CreatedOnToolsVersion = 8.3.3;
						ProvisioningStyle = Automatic;
						TestTargetID = 3893B6AE1F13DB4100C7DBF2;
					};
					3893B6D31F13DB4200C7DBF2 = {
						CreatedOnToolsVersion = 8.3.3;
						ProvisioningStyle = Automatic;
						TestTargetID = 3893B6AE1F13DB4100C7DBF2;
					};
				};
			};
			buildConfigurationList = 3893B6AA1F13DB4100C7DBF2 /* Build configuration list for PBXProject "Dam" */;
			compatibilityVersion = "Xcode 3.2";
			developmentRegion = English;
			hasScannedForEncodings = 0;
			knownRegions = (
				en,
				Base,
			);
			mainGroup = 3893B6A61F13DB4100C7DBF2;
			productRefGroup = 3893B6B01F13DB4100C7DBF2 /* Products */;
			projectDirPath = "";
			projectRoot = "";
			targets = (
				3893B6AE1F13DB4100C7DBF2 /* Dam */,
				3893B6C81F13DB4200C7DBF2 /* DamTests */,
				3893B6D31F13DB4200C7DBF2 /* DamUITests */,
			);
		};
/* End PBXProject section */

/* Begin PBXResourcesBuildPhase section */
		3893B6AD1F13DB4100C7DBF2 /* Resources */ = {
			isa = PBXResourcesBuildPhase;
			buildActionMask = 2147483647;
			files = (
				384390D71F2805FF0038DC8D /* buildingScene3.sks in Resources */,
				384390D31F27F2740038DC8D /* toolsInfo.sks in Resources */,
				3893B6BE1F13DB4100C7DBF2 /* Main.storyboard in Resources */,
				38FCCD0B1F369BE70060E297 /* SummerSunday.wav in Resources */,
				38449D7E1F141B3C002EFB00 /* MainMenu.sks in Resources */,
				381F0A411F19910C000B2368 /* buildingScene.sks in Resources */,
				38CF3E861F200B3900D4F1A8 /* buildingScene2.sks in Resources */,
				384390D11F27CA150038DC8D /* toolsMenu.sks in Resources */,
				3893B6C01F13DB4100C7DBF2 /* Assets.xcassets in Resources */,
				3893B6C31F13DB4100C7DBF2 /* LaunchScreen.storyboard in Resources */,
				387BDCFE1F2BB6C700212189 /* GameScene.sks in Resources */,
				384F67761F37B614005A82B2 /* flee.mp3 in Resources */,
				3887EC521F33938000E8A4EA /* newBuildingScene.sks in Resources */,
				3893AACF1F33E6B100E3649B /* newBuildingScene2.sks in Resources */,
				38CF3E821F20066800D4F1A8 /* buildingsMenu.sks in Resources */,
				384F67781F37C727005A82B2 /* titleScreen.mp3 in Resources */,
			);
			runOnlyForDeploymentPostprocessing = 0;
		};
		3893B6C71F13DB4200C7DBF2 /* Resources */ = {
			isa = PBXResourcesBuildPhase;
			buildActionMask = 2147483647;
			files = (
			);
			runOnlyForDeploymentPostprocessing = 0;
		};
		3893B6D21F13DB4200C7DBF2 /* Resources */ = {
			isa = PBXResourcesBuildPhase;
			buildActionMask = 2147483647;
			files = (
			);
			runOnlyForDeploymentPostprocessing = 0;
		};
/* End PBXResourcesBuildPhase section */

/* Begin PBXShellScriptBuildPhase section */
		380C13161F351A7000641620 /* ShellScript */ = {
			isa = PBXShellScriptBuildPhase;
			buildActionMask = 2147483647;
			files = (
			);
			inputPaths = (
			);
			outputPaths = (
			);
			runOnlyForDeploymentPostprocessing = 0;
			shellPath = /bin/sh;
			shellScript = "./Fabric.framework/run 0e0d34355a9a3cda46e784bb7639d4d78b8efd2a b1c07ae81610b1e819c3e23300e2dd4c40941382e5d80f2c169bb9cf87b36a65";
		};
/* End PBXShellScriptBuildPhase section */

/* Begin PBXSourcesBuildPhase section */
		3893B6AB1F13DB4100C7DBF2 /* Sources */ = {
			isa = PBXSourcesBuildPhase;
			buildActionMask = 2147483647;
			files = (
				387BDD001F2BB6CB00212189 /* GameScene.swift in Sources */,
				38247FF41F1E71D90089F9FC /* Man.swift in Sources */,
				38449D801F141B53002EFB00 /* MainMenu.swift in Sources */,
				384390D51F27F4740038DC8D /* toolsMenu.swift in Sources */,
				38CF3E841F20078300D4F1A8 /* buildingsMenu.swift in Sources */,
				387073BA1F324AA4001A624A /* newBuildingScene.swift in Sources */,
				385A06051F1BE8A400C674FB /* buildingScene.swift in Sources */,
				3893B6BB1F13DB4100C7DBF2 /* GameViewController.swift in Sources */,
				38449D821F141C28002EFB00 /* MSButtonNode.swift in Sources */,
				3893B6E71F13E0D200C7DBF2 /* Crack.swift in Sources */,
				38CF3E801F1FDF0A00D4F1A8 /* Portal.swift in Sources */,
				3893B6B31F13DB4100C7DBF2 /* AppDelegate.swift in Sources */,
				3891FCE11F19254600B84DF4 /* Window.swift in Sources */,
				381BF7461F29035C000CFCF0 /* toolsInfo.swift in Sources */,
			);
			runOnlyForDeploymentPostprocessing = 0;
		};
		3893B6C51F13DB4200C7DBF2 /* Sources */ = {
			isa = PBXSourcesBuildPhase;
			buildActionMask = 2147483647;
			files = (
				3893B6CE1F13DB4200C7DBF2 /* DamTests.swift in Sources */,
			);
			runOnlyForDeploymentPostprocessing = 0;
		};
		3893B6D01F13DB4200C7DBF2 /* Sources */ = {
			isa = PBXSourcesBuildPhase;
			buildActionMask = 2147483647;
			files = (
				3893B6D91F13DB4200C7DBF2 /* DamUITests.swift in Sources */,
			);
			runOnlyForDeploymentPostprocessing = 0;
		};
/* End PBXSourcesBuildPhase section */

/* Begin PBXTargetDependency section */
		3893B6CB1F13DB4200C7DBF2 /* PBXTargetDependency */ = {
			isa = PBXTargetDependency;
			target = 3893B6AE1F13DB4100C7DBF2 /* Dam */;
			targetProxy = 3893B6CA1F13DB4200C7DBF2 /* PBXContainerItemProxy */;
		};
		3893B6D61F13DB4200C7DBF2 /* PBXTargetDependency */ = {
			isa = PBXTargetDependency;
			target = 3893B6AE1F13DB4100C7DBF2 /* Dam */;
			targetProxy = 3893B6D51F13DB4200C7DBF2 /* PBXContainerItemProxy */;
		};
/* End PBXTargetDependency section */

/* Begin PBXVariantGroup section */
		3893B6BC1F13DB4100C7DBF2 /* Main.storyboard */ = {
			isa = PBXVariantGroup;
			children = (
				3893B6BD1F13DB4100C7DBF2 /* Base */,
			);
			name = Main.storyboard;
			sourceTree = "<group>";
		};
		3893B6C11F13DB4100C7DBF2 /* LaunchScreen.storyboard */ = {
			isa = PBXVariantGroup;
			children = (
				3893B6C21F13DB4100C7DBF2 /* Base */,
			);
			name = LaunchScreen.storyboard;
			sourceTree = "<group>";
		};
/* End PBXVariantGroup section */

/* Begin XCBuildConfiguration section */
		3893B6DB1F13DB4200C7DBF2 /* Debug */ = {
			isa = XCBuildConfiguration;
			buildSettings = {
				ALWAYS_SEARCH_USER_PATHS = NO;
				CLANG_ANALYZER_NONNULL = YES;
				CLANG_ANALYZER_NUMBER_OBJECT_CONVERSION = YES_AGGRESSIVE;
				CLANG_CXX_LANGUAGE_STANDARD = "gnu++0x";
				CLANG_CXX_LIBRARY = "libc++";
				CLANG_ENABLE_MODULES = YES;
				CLANG_ENABLE_OBJC_ARC = YES;
				CLANG_WARN_BOOL_CONVERSION = YES;
				CLANG_WARN_CONSTANT_CONVERSION = YES;
				CLANG_WARN_DIRECT_OBJC_ISA_USAGE = YES_ERROR;
				CLANG_WARN_DOCUMENTATION_COMMENTS = YES;
				CLANG_WARN_EMPTY_BODY = YES;
				CLANG_WARN_ENUM_CONVERSION = YES;
				CLANG_WARN_INFINITE_RECURSION = YES;
				CLANG_WARN_INT_CONVERSION = YES;
				CLANG_WARN_OBJC_ROOT_CLASS = YES_ERROR;
				CLANG_WARN_SUSPICIOUS_MOVE = YES;
				CLANG_WARN_UNREACHABLE_CODE = YES;
				CLANG_WARN__DUPLICATE_METHOD_MATCH = YES;
				"CODE_SIGN_IDENTITY[sdk=iphoneos*]" = "iPhone Developer";
				COPY_PHASE_STRIP = NO;
				DEBUG_INFORMATION_FORMAT = dwarf;
				ENABLE_STRICT_OBJC_MSGSEND = YES;
				ENABLE_TESTABILITY = YES;
				GCC_C_LANGUAGE_STANDARD = gnu99;
				GCC_DYNAMIC_NO_PIC = NO;
				GCC_NO_COMMON_BLOCKS = YES;
				GCC_OPTIMIZATION_LEVEL = 0;
				GCC_PREPROCESSOR_DEFINITIONS = (
					"DEBUG=1",
					"$(inherited)",
				);
				GCC_WARN_64_TO_32_BIT_CONVERSION = YES;
				GCC_WARN_ABOUT_RETURN_TYPE = YES_ERROR;
				GCC_WARN_UNDECLARED_SELECTOR = YES;
				GCC_WARN_UNINITIALIZED_AUTOS = YES_AGGRESSIVE;
				GCC_WARN_UNUSED_FUNCTION = YES;
				GCC_WARN_UNUSED_VARIABLE = YES;
				IPHONEOS_DEPLOYMENT_TARGET = 10.3;
				MTL_ENABLE_DEBUG_INFO = YES;
				ONLY_ACTIVE_ARCH = YES;
				SDKROOT = iphoneos;
				SWIFT_ACTIVE_COMPILATION_CONDITIONS = DEBUG;
				SWIFT_OPTIMIZATION_LEVEL = "-Onone";
				TARGETED_DEVICE_FAMILY = "1,2";
			};
			name = Debug;
		};
		3893B6DC1F13DB4200C7DBF2 /* Release */ = {
			isa = XCBuildConfiguration;
			buildSettings = {
				ALWAYS_SEARCH_USER_PATHS = NO;
				CLANG_ANALYZER_NONNULL = YES;
				CLANG_ANALYZER_NUMBER_OBJECT_CONVERSION = YES_AGGRESSIVE;
				CLANG_CXX_LANGUAGE_STANDARD = "gnu++0x";
				CLANG_CXX_LIBRARY = "libc++";
				CLANG_ENABLE_MODULES = YES;
				CLANG_ENABLE_OBJC_ARC = YES;
				CLANG_WARN_BOOL_CONVERSION = YES;
				CLANG_WARN_CONSTANT_CONVERSION = YES;
				CLANG_WARN_DIRECT_OBJC_ISA_USAGE = YES_ERROR;
				CLANG_WARN_DOCUMENTATION_COMMENTS = YES;
				CLANG_WARN_EMPTY_BODY = YES;
				CLANG_WARN_ENUM_CONVERSION = YES;
				CLANG_WARN_INFINITE_RECURSION = YES;
				CLANG_WARN_INT_CONVERSION = YES;
				CLANG_WARN_OBJC_ROOT_CLASS = YES_ERROR;
				CLANG_WARN_SUSPICIOUS_MOVE = YES;
				CLANG_WARN_UNREACHABLE_CODE = YES;
				CLANG_WARN__DUPLICATE_METHOD_MATCH = YES;
				"CODE_SIGN_IDENTITY[sdk=iphoneos*]" = "iPhone Developer";
				COPY_PHASE_STRIP = NO;
				DEBUG_INFORMATION_FORMAT = "dwarf-with-dsym";
				ENABLE_NS_ASSERTIONS = NO;
				ENABLE_STRICT_OBJC_MSGSEND = YES;
				GCC_C_LANGUAGE_STANDARD = gnu99;
				GCC_NO_COMMON_BLOCKS = YES;
				GCC_WARN_64_TO_32_BIT_CONVERSION = YES;
				GCC_WARN_ABOUT_RETURN_TYPE = YES_ERROR;
				GCC_WARN_UNDECLARED_SELECTOR = YES;
				GCC_WARN_UNINITIALIZED_AUTOS = YES_AGGRESSIVE;
				GCC_WARN_UNUSED_FUNCTION = YES;
				GCC_WARN_UNUSED_VARIABLE = YES;
				IPHONEOS_DEPLOYMENT_TARGET = 10.3;
				MTL_ENABLE_DEBUG_INFO = NO;
				SDKROOT = iphoneos;
				SWIFT_OPTIMIZATION_LEVEL = "-Owholemodule";
				TARGETED_DEVICE_FAMILY = "1,2";
				VALIDATE_PRODUCT = YES;
			};
			name = Release;
		};
		3893B6DE1F13DB4200C7DBF2 /* Debug */ = {
			isa = XCBuildConfiguration;
			buildSettings = {
				ASSETCATALOG_COMPILER_APPICON_NAME = AppIcon;
				DEBUG_INFORMATION_FORMAT = "dwarf-with-dsym";
				DEVELOPMENT_TEAM = GCVD58YW3D;
				FRAMEWORK_SEARCH_PATHS = (
					"$(inherited)",
					"$(PROJECT_DIR)/Dam",
				);
				INFOPLIST_FILE = Dam/Info.plist;
				LD_RUNPATH_SEARCH_PATHS = "$(inherited) @executable_path/Frameworks";
				PRODUCT_BUNDLE_IDENTIFIER = AkashNambiar.Dam;
				PRODUCT_NAME = "$(TARGET_NAME)";
				SWIFT_VERSION = 3.0;
			};
			name = Debug;
		};
		3893B6DF1F13DB4200C7DBF2 /* Release */ = {
			isa = XCBuildConfiguration;
			buildSettings = {
				ASSETCATALOG_COMPILER_APPICON_NAME = AppIcon;
				DEVELOPMENT_TEAM = GCVD58YW3D;
				FRAMEWORK_SEARCH_PATHS = (
					"$(inherited)",
					"$(PROJECT_DIR)/Dam",
				);
				INFOPLIST_FILE = Dam/Info.plist;
				LD_RUNPATH_SEARCH_PATHS = "$(inherited) @executable_path/Frameworks";
				MTL_ENABLE_DEBUG_INFO = NO;
				PRODUCT_BUNDLE_IDENTIFIER = AkashNambiar.Dam;
				PRODUCT_NAME = "$(TARGET_NAME)";
				SWIFT_VERSION = 3.0;
			};
			name = Release;
		};
		3893B6E11F13DB4200C7DBF2 /* Debug */ = {
			isa = XCBuildConfiguration;
			buildSettings = {
				ALWAYS_EMBED_SWIFT_STANDARD_LIBRARIES = YES;
				BUNDLE_LOADER = "$(TEST_HOST)";
				INFOPLIST_FILE = DamTests/Info.plist;
				LD_RUNPATH_SEARCH_PATHS = "$(inherited) @executable_path/Frameworks @loader_path/Frameworks";
				PRODUCT_BUNDLE_IDENTIFIER = AkashNambiar.DamTests;
				PRODUCT_NAME = "$(TARGET_NAME)";
				SWIFT_VERSION = 3.0;
				TEST_HOST = "$(BUILT_PRODUCTS_DIR)/Dam.app/Dam";
			};
			name = Debug;
		};
		3893B6E21F13DB4200C7DBF2 /* Release */ = {
			isa = XCBuildConfiguration;
			buildSettings = {
				ALWAYS_EMBED_SWIFT_STANDARD_LIBRARIES = YES;
				BUNDLE_LOADER = "$(TEST_HOST)";
				INFOPLIST_FILE = DamTests/Info.plist;
				LD_RUNPATH_SEARCH_PATHS = "$(inherited) @executable_path/Frameworks @loader_path/Frameworks";
				PRODUCT_BUNDLE_IDENTIFIER = AkashNambiar.DamTests;
				PRODUCT_NAME = "$(TARGET_NAME)";
				SWIFT_VERSION = 3.0;
				TEST_HOST = "$(BUILT_PRODUCTS_DIR)/Dam.app/Dam";
			};
			name = Release;
		};
		3893B6E41F13DB4200C7DBF2 /* Debug */ = {
			isa = XCBuildConfiguration;
			buildSettings = {
				ALWAYS_EMBED_SWIFT_STANDARD_LIBRARIES = YES;
				INFOPLIST_FILE = DamUITests/Info.plist;
				LD_RUNPATH_SEARCH_PATHS = "$(inherited) @executable_path/Frameworks @loader_path/Frameworks";
				PRODUCT_BUNDLE_IDENTIFIER = AkashNambiar.DamUITests;
				PRODUCT_NAME = "$(TARGET_NAME)";
				SWIFT_VERSION = 3.0;
				TEST_TARGET_NAME = Dam;
			};
			name = Debug;
		};
		3893B6E51F13DB4200C7DBF2 /* Release */ = {
			isa = XCBuildConfiguration;
			buildSettings = {
				ALWAYS_EMBED_SWIFT_STANDARD_LIBRARIES = YES;
				INFOPLIST_FILE = DamUITests/Info.plist;
				LD_RUNPATH_SEARCH_PATHS = "$(inherited) @executable_path/Frameworks @loader_path/Frameworks";
				PRODUCT_BUNDLE_IDENTIFIER = AkashNambiar.DamUITests;
				PRODUCT_NAME = "$(TARGET_NAME)";
				SWIFT_VERSION = 3.0;
				TEST_TARGET_NAME = Dam;
			};
			name = Release;
		};
/* End XCBuildConfiguration section */

/* Begin XCConfigurationList section */
		3893B6AA1F13DB4100C7DBF2 /* Build configuration list for PBXProject "Dam" */ = {
			isa = XCConfigurationList;
			buildConfigurations = (
				3893B6DB1F13DB4200C7DBF2 /* Debug */,
				3893B6DC1F13DB4200C7DBF2 /* Release */,
			);
			defaultConfigurationIsVisible = 0;
			defaultConfigurationName = Release;
		};
		3893B6DD1F13DB4200C7DBF2 /* Build configuration list for PBXNativeTarget "Dam" */ = {
			isa = XCConfigurationList;
			buildConfigurations = (
				3893B6DE1F13DB4200C7DBF2 /* Debug */,
				3893B6DF1F13DB4200C7DBF2 /* Release */,
			);
			defaultConfigurationIsVisible = 0;
			defaultConfigurationName = Release;
		};
		3893B6E01F13DB4200C7DBF2 /* Build configuration list for PBXNativeTarget "DamTests" */ = {
			isa = XCConfigurationList;
			buildConfigurations = (
				3893B6E11F13DB4200C7DBF2 /* Debug */,
				3893B6E21F13DB4200C7DBF2 /* Release */,
			);
			defaultConfigurationIsVisible = 0;
			defaultConfigurationName = Release;
		};
		3893B6E31F13DB4200C7DBF2 /* Build configuration list for PBXNativeTarget "DamUITests" */ = {
			isa = XCConfigurationList;
			buildConfigurations = (
				3893B6E41F13DB4200C7DBF2 /* Debug */,
				3893B6E51F13DB4200C7DBF2 /* Release */,
			);
			defaultConfigurationIsVisible = 0;
			defaultConfigurationName = Release;
		};
/* End XCConfigurationList section */
	};
	rootObject = 3893B6A71F13DB4100C7DBF2 /* Project object */;
}
